{
  "nodes": {
    "aagl": {
      "inputs": {
        "flake-compat": "flake-compat",
        "nixpkgs": [
          "nixpkgs"
        ]
      },
      "locked": {
        "lastModified": 1728524457,
        "narHash": "sha256-R+GJ3H1PvRUHLm45muY1KEezhfgIl8l7HJ36DySZMu0=",
        "owner": "ezKEa",
        "repo": "aagl-gtk-on-nix",
        "rev": "5611dd61df02e0bc5d62bb3f5388821d8854faff",
        "type": "github"
      },
      "original": {
        "owner": "ezKEa",
        "repo": "aagl-gtk-on-nix",
        "type": "github"
      }
    },
    "aquamarine": {
      "inputs": {
        "hyprutils": [
          "hyprland",
          "hyprutils"
        ],
        "hyprwayland-scanner": [
          "hyprland",
          "hyprwayland-scanner"
        ],
        "nixpkgs": [
          "hyprland",
          "nixpkgs"
        ],
        "systems": [
          "hyprland",
          "systems"
        ]
      },
      "locked": {
        "lastModified": 1728902391,
        "narHash": "sha256-44bnoY0nAvbBQ/lVjmn511yL39Sv7SknV0BDxn34P3Q=",
        "owner": "hyprwm",
        "repo": "aquamarine",
        "rev": "9874e08eec85b5542ca22494e127b0cdce46b786",
        "type": "github"
      },
      "original": {
        "owner": "hyprwm",
        "repo": "aquamarine",
        "type": "github"
      }
    },
    "base16-schemes": {
      "flake": false,
      "locked": {
        "lastModified": 1696158499,
        "narHash": "sha256-5yIHgDTPjoX/3oDEfLSQ0eJZdFL1SaCfb9d6M0RmOTM=",
        "owner": "tinted-theming",
        "repo": "base16-schemes",
        "rev": "a9112eaae86d9dd8ee6bb9445b664fba2f94037a",
        "type": "github"
      },
      "original": {
        "owner": "tinted-theming",
        "repo": "base16-schemes",
        "type": "github"
      }
    },
    "catppuccin": {
      "locked": {
        "lastModified": 1728407414,
        "narHash": "sha256-B8LaxUP93eh+it8RW1pGq4SsU2kj7f0ipzFuhBvpON8=",
        "owner": "catppuccin",
        "repo": "nix",
        "rev": "96cf8b4a05fb23a53c027621b1147b5cf9e5439f",
        "type": "github"
      },
      "original": {
        "owner": "catppuccin",
        "repo": "nix",
        "type": "github"
      }
    },
    "flake-compat": {
      "flake": false,
      "locked": {
        "lastModified": 1696426674,
        "narHash": "sha256-kvjfFW7WAETZlt09AgDn1MrtKzP7t90Vf7vypd3OL1U=",
        "owner": "edolstra",
        "repo": "flake-compat",
        "rev": "0f9255e01c2351cc7d116c072cb317785dd33b33",
        "type": "github"
      },
      "original": {
        "owner": "edolstra",
        "repo": "flake-compat",
        "type": "github"
      }
    },
    "flake-compat_2": {
      "flake": false,
      "locked": {
        "lastModified": 1696426674,
        "narHash": "sha256-kvjfFW7WAETZlt09AgDn1MrtKzP7t90Vf7vypd3OL1U=",
        "owner": "edolstra",
        "repo": "flake-compat",
        "rev": "0f9255e01c2351cc7d116c072cb317785dd33b33",
        "type": "github"
      },
      "original": {
        "owner": "edolstra",
        "repo": "flake-compat",
        "type": "github"
      }
    },
    "flake-compat_3": {
      "flake": false,
      "locked": {
        "lastModified": 1696426674,
        "narHash": "sha256-kvjfFW7WAETZlt09AgDn1MrtKzP7t90Vf7vypd3OL1U=",
        "owner": "edolstra",
        "repo": "flake-compat",
        "rev": "0f9255e01c2351cc7d116c072cb317785dd33b33",
        "type": "github"
      },
      "original": {
        "owner": "edolstra",
        "repo": "flake-compat",
        "type": "github"
      }
    },
    "flake-parts": {
      "inputs": {
        "nixpkgs-lib": "nixpkgs-lib"
      },
      "locked": {
        "lastModified": 1727826117,
        "narHash": "sha256-K5ZLCyfO/Zj9mPFldf3iwS6oZStJcU4tSpiXTMYaaL0=",
        "owner": "hercules-ci",
        "repo": "flake-parts",
        "rev": "3d04084d54bedc3d6b8b736c70ef449225c361b1",
        "type": "github"
      },
      "original": {
        "owner": "hercules-ci",
        "repo": "flake-parts",
        "type": "github"
      }
    },
    "flake-utils": {
      "inputs": {
        "systems": [
          "naturaldocs",
          "systems"
        ]
      },
      "locked": {
        "lastModified": 1726560853,
        "narHash": "sha256-X6rJYSESBVr3hBoH0WbKE5KvhPU5bloyZ2L4K60/fPQ=",
        "owner": "numtide",
        "repo": "flake-utils",
        "rev": "c1dfcf08411b08f6b8615f7d8971a2bfa81d5e8a",
        "type": "github"
      },
      "original": {
        "owner": "numtide",
        "repo": "flake-utils",
        "type": "github"
      }
    },
    "flake-utils_2": {
      "inputs": {
        "systems": "systems_3"
      },
      "locked": {
        "lastModified": 1710146030,
        "narHash": "sha256-SZ5L6eA7HJ/nmkzGG7/ISclqe6oZdOZTNoesiInkXPQ=",
        "owner": "numtide",
        "repo": "flake-utils",
        "rev": "b1d9ab70662946ef0850d488da1c9019f3a9752a",
        "type": "github"
      },
      "original": {
        "owner": "numtide",
        "repo": "flake-utils",
        "type": "github"
      }
    },
    "flake-utils_3": {
      "inputs": {
        "systems": [
          "slang-lsp",
          "systems"
        ]
      },
      "locked": {
        "lastModified": 1726560853,
        "narHash": "sha256-X6rJYSESBVr3hBoH0WbKE5KvhPU5bloyZ2L4K60/fPQ=",
        "owner": "numtide",
        "repo": "flake-utils",
        "rev": "c1dfcf08411b08f6b8615f7d8971a2bfa81d5e8a",
        "type": "github"
      },
      "original": {
        "owner": "numtide",
        "repo": "flake-utils",
        "type": "github"
      }
    },
    "flake-utils_4": {
      "inputs": {
        "systems": "systems_6"
      },
      "locked": {
        "lastModified": 1726560853,
        "narHash": "sha256-X6rJYSESBVr3hBoH0WbKE5KvhPU5bloyZ2L4K60/fPQ=",
        "owner": "numtide",
        "repo": "flake-utils",
        "rev": "c1dfcf08411b08f6b8615f7d8971a2bfa81d5e8a",
        "type": "github"
      },
      "original": {
        "owner": "numtide",
        "repo": "flake-utils",
        "type": "github"
      }
    },
    "flake-utils_5": {
      "inputs": {
        "systems": "systems_7"
      },
      "locked": {
        "lastModified": 1705309234,
        "narHash": "sha256-uNRRNRKmJyCRC/8y1RqBkqWBLM034y4qN7EprSdmgyA=",
        "owner": "numtide",
        "repo": "flake-utils",
        "rev": "1ef2e671c3b0c19053962c07dbda38332dcebf26",
        "type": "github"
      },
      "original": {
        "owner": "numtide",
        "repo": "flake-utils",
        "type": "github"
      }
    },
    "gitignore": {
      "inputs": {
        "nixpkgs": [
          "hyprland",
          "pre-commit-hooks",
          "nixpkgs"
        ]
      },
      "locked": {
        "lastModified": 1709087332,
        "narHash": "sha256-HG2cCnktfHsKV0s4XW83gU3F57gaTljL9KNSuG6bnQs=",
        "owner": "hercules-ci",
        "repo": "gitignore.nix",
        "rev": "637db329424fd7e46cf4185293b9cc8c88c95394",
        "type": "github"
      },
      "original": {
        "owner": "hercules-ci",
        "repo": "gitignore.nix",
        "type": "github"
      }
    },
    "home-manager": {
      "inputs": {
        "nixpkgs": [
          "nixpkgs"
        ]
      },
      "locked": {
        "lastModified": 1729459288,
        "narHash": "sha256-gBOVJv+q6Mx8jGvwX7cE6J8+sZmi1uxpRVsO7WxvVuQ=",
        "owner": "nix-community",
        "repo": "home-manager",
        "rev": "1e27f213d77fc842603628bcf2df6681d7d08f7e",
        "type": "github"
      },
      "original": {
        "owner": "nix-community",
        "repo": "home-manager",
        "type": "github"
      }
    },
    "hyprcursor": {
      "inputs": {
        "hyprlang": [
          "hyprland",
          "hyprlang"
        ],
        "nixpkgs": [
          "hyprland",
          "nixpkgs"
        ],
        "systems": [
          "hyprland",
          "systems"
        ]
      },
      "locked": {
        "lastModified": 1728669738,
        "narHash": "sha256-EDNAU9AYcx8OupUzbTbWE1d3HYdeG0wO6Msg3iL1muk=",
        "owner": "hyprwm",
        "repo": "hyprcursor",
        "rev": "0264e698149fcb857a66a53018157b41f8d97bb0",
        "type": "github"
      },
      "original": {
        "owner": "hyprwm",
        "repo": "hyprcursor",
        "type": "github"
      }
    },
    "hyprland": {
      "inputs": {
        "aquamarine": "aquamarine",
        "hyprcursor": "hyprcursor",
        "hyprland-protocols": "hyprland-protocols",
        "hyprlang": "hyprlang",
        "hyprutils": "hyprutils",
        "hyprwayland-scanner": "hyprwayland-scanner",
        "nixpkgs": [
          "nixpkgs"
        ],
        "pre-commit-hooks": "pre-commit-hooks",
        "systems": "systems",
        "xdph": "xdph"
      },
      "locked": {
        "lastModified": 1729523354,
        "narHash": "sha256-iRLBeVWU6rbMruacoMOJ6y+mgTVMWng4T8JYnIPgsSE=",
        "ref": "refs/heads/main",
        "rev": "9df0f0b66c66706c9ce8cf9f80e834d5abfc1e96",
        "revCount": 5364,
        "submodules": true,
        "type": "git",
        "url": "https://github.com/hyprwm/Hyprland"
      },
      "original": {
        "submodules": true,
        "type": "git",
        "url": "https://github.com/hyprwm/Hyprland"
      }
    },
    "hyprland-protocols": {
      "inputs": {
        "nixpkgs": [
          "hyprland",
          "nixpkgs"
        ],
        "systems": [
          "hyprland",
          "systems"
        ]
      },
      "locked": {
        "lastModified": 1728345020,
        "narHash": "sha256-xGbkc7U/Roe0/Cv3iKlzijIaFBNguasI31ynL2IlEoM=",
        "owner": "hyprwm",
        "repo": "hyprland-protocols",
        "rev": "a7c183800e74f337753de186522b9017a07a8cee",
        "type": "github"
      },
      "original": {
        "owner": "hyprwm",
        "repo": "hyprland-protocols",
        "type": "github"
      }
    },
    "hyprlang": {
      "inputs": {
        "hyprutils": [
          "hyprland",
          "hyprutils"
        ],
        "nixpkgs": [
          "hyprland",
          "nixpkgs"
        ],
        "systems": [
          "hyprland",
          "systems"
        ]
      },
      "locked": {
        "lastModified": 1728168612,
        "narHash": "sha256-AnB1KfiXINmuiW7BALYrKqcjCnsLZPifhb/7BsfPbns=",
        "owner": "hyprwm",
        "repo": "hyprlang",
        "rev": "f054f2e44d6a0b74607a6bc0f52dba337a3db38e",
        "type": "github"
      },
      "original": {
        "owner": "hyprwm",
        "repo": "hyprlang",
        "type": "github"
      }
    },
    "hyprswitch": {
      "inputs": {
        "flake-parts": "flake-parts",
        "nixpkgs": [
          "nixpkgs"
        ]
      },
      "locked": {
        "lastModified": 1725107917,
        "narHash": "sha256-6on3nwb3gB4t+P/2IExgGhVLVgAkF6ZiE5x+qcQHEXU=",
        "owner": "h3rmt",
        "repo": "hyprswitch",
        "rev": "f478c394ad6db5ba268f80052f1eb2366366b21e",
        "type": "github"
      },
      "original": {
        "owner": "h3rmt",
        "ref": "release",
        "repo": "hyprswitch",
        "type": "github"
      }
    },
    "hyprutils": {
      "inputs": {
        "nixpkgs": [
          "hyprland",
          "nixpkgs"
        ],
        "systems": [
          "hyprland",
          "systems"
        ]
      },
      "locked": {
        "lastModified": 1728941256,
        "narHash": "sha256-WRypmcZ2Bw94lLmcmxYokVOHPJSZ7T06V49QZ4tkZeQ=",
        "owner": "hyprwm",
        "repo": "hyprutils",
        "rev": "fd4be8b9ca932f7384e454bcd923c5451ef2aa85",
        "type": "github"
      },
      "original": {
        "owner": "hyprwm",
        "repo": "hyprutils",
        "type": "github"
      }
    },
    "hyprwayland-scanner": {
      "inputs": {
        "nixpkgs": [
          "hyprland",
          "nixpkgs"
        ],
        "systems": [
          "hyprland",
          "systems"
        ]
      },
      "locked": {
        "lastModified": 1726874836,
        "narHash": "sha256-VKR0sf0PSNCB0wPHVKSAn41mCNVCnegWmgkrneKDhHM=",
        "owner": "hyprwm",
        "repo": "hyprwayland-scanner",
        "rev": "500c81a9e1a76760371049a8d99e008ea77aa59e",
        "type": "github"
      },
      "original": {
        "owner": "hyprwm",
        "repo": "hyprwayland-scanner",
        "type": "github"
      }
    },
    "kmscon": {
      "flake": false,
      "locked": {
        "lastModified": 1721091298,
        "narHash": "sha256-M6bKut5ai6+FH6/0DbP+9VDrgAdtw3iT5RA6TvCLHb4=",
        "owner": "Aetf",
        "repo": "kmscon",
        "rev": "0f73dc37ef67f809b30c835ed1b3cafaa21804a5",
        "type": "github"
      },
      "original": {
        "owner": "Aetf",
        "ref": "develop",
        "repo": "kmscon",
        "type": "github"
      }
    },
    "libtsm": {
      "flake": false,
      "locked": {
        "lastModified": 1703395724,
        "narHash": "sha256-Rug3OWSbbiIivItULPNNptClIZ/PrXdQeUypAAxrUY8=",
        "owner": "Aetf",
        "repo": "libtsm",
        "rev": "69922bde02c7af83b4d48a414cc6036af7388626",
        "type": "github"
      },
      "original": {
        "owner": "Aetf",
        "ref": "develop",
        "repo": "libtsm",
        "type": "github"
      }
    },
    "naturaldocs": {
      "inputs": {
        "flake-utils": "flake-utils",
        "nixpkgs": [
          "nixpkgs"
        ],
        "systems": "systems_2"
      },
      "locked": {
        "lastModified": 1727715200,
        "narHash": "sha256-cJojjjERizsqgtSRXbA4ontDXh9wDrMu1QP/fRDnuq0=",
        "owner": "Mop-u",
        "repo": "naturaldocs-nix",
        "rev": "a189cb190b973ec93ef67f8ca37d66a77d006d4b",
        "type": "github"
      },
      "original": {
        "owner": "Mop-u",
        "repo": "naturaldocs-nix",
        "type": "github"
      }
    },
    "nix-colors": {
      "inputs": {
        "base16-schemes": "base16-schemes",
        "nixpkgs-lib": "nixpkgs-lib_2"
      },
      "locked": {
        "lastModified": 1707825078,
        "narHash": "sha256-hTfge2J2W+42SZ7VHXkf4kjU+qzFqPeC9k66jAUBMHk=",
        "owner": "misterio77",
        "repo": "nix-colors",
        "rev": "b01f024090d2c4fc3152cd0cf12027a7b8453ba1",
        "type": "github"
      },
      "original": {
        "owner": "misterio77",
        "repo": "nix-colors",
        "type": "github"
      }
    },
    "nixpkgs": {
      "locked": {
        "lastModified": 1728492678,
        "narHash": "sha256-9UTxR8eukdg+XZeHgxW5hQA9fIKHsKCdOIUycTryeVw=",
        "owner": "NixOS",
        "repo": "nixpkgs",
        "rev": "5633bcff0c6162b9e4b5f1264264611e950c8ec7",
        "type": "github"
      },
      "original": {
        "owner": "NixOS",
        "ref": "nixos-unstable",
        "repo": "nixpkgs",
        "type": "github"
      }
    },
    "nixpkgs-lib": {
      "locked": {
        "lastModified": 1727825735,
        "narHash": "sha256-0xHYkMkeLVQAMa7gvkddbPqpxph+hDzdu1XdGPJR+Os=",
        "type": "tarball",
        "url": "https://github.com/NixOS/nixpkgs/archive/fb192fec7cc7a4c26d51779e9bab07ce6fa5597a.tar.gz"
      },
      "original": {
        "type": "tarball",
        "url": "https://github.com/NixOS/nixpkgs/archive/fb192fec7cc7a4c26d51779e9bab07ce6fa5597a.tar.gz"
      }
    },
    "nixpkgs-lib_2": {
      "locked": {
        "lastModified": 1697935651,
        "narHash": "sha256-qOfWjQ2JQSQL15KLh6D7xQhx0qgZlYZTYlcEiRuAMMw=",
        "owner": "nix-community",
        "repo": "nixpkgs.lib",
        "rev": "e1e11fdbb01113d85c7f41cada9d2847660e3902",
        "type": "github"
      },
      "original": {
        "owner": "nix-community",
        "repo": "nixpkgs.lib",
        "type": "github"
      }
    },
    "nixpkgs-stable": {
      "locked": {
        "lastModified": 1720386169,
        "narHash": "sha256-NGKVY4PjzwAa4upkGtAMz1npHGoRzWotlSnVlqI40mo=",
        "owner": "NixOS",
        "repo": "nixpkgs",
        "rev": "194846768975b7ad2c4988bdb82572c00222c0d7",
        "type": "github"
      },
      "original": {
        "owner": "NixOS",
        "ref": "nixos-24.05",
        "repo": "nixpkgs",
        "type": "github"
      }
    },
    "nonfree-fonts": {
      "inputs": {
        "flake-utils": "flake-utils_2",
        "nixpkgs": [
          "nixpkgs"
        ]
      },
      "locked": {
        "lastModified": 1724788511,
        "narHash": "sha256-oLJYTG+6EZBiq+vmNOyLVZoQ/PephmS7LE+evmWmQPc=",
        "owner": "Mop-u",
        "repo": "nonfree-fonts",
        "rev": "0072fb5f06dd92c52c56a36b408ff709ba1c291d",
        "type": "github"
      },
      "original": {
        "owner": "Mop-u",
        "repo": "nonfree-fonts",
        "type": "github"
      }
    },
    "nur": {
      "locked": {
        "lastModified": 1728913253,
        "narHash": "sha256-knJQYHo54jhS9IprmzrZV5dMVFYcm3iP1JxDRyDnnkQ=",
        "owner": "nix-community",
        "repo": "NUR",
        "rev": "0d5f98994e1f8f94bfe7d54c4f6d0e343bf908d8",
        "type": "github"
      },
      "original": {
        "owner": "nix-community",
        "repo": "NUR",
        "type": "github"
      }
    },
    "pre-commit-hooks": {
      "inputs": {
        "flake-compat": "flake-compat_2",
        "gitignore": "gitignore",
        "nixpkgs": [
          "hyprland",
          "nixpkgs"
        ],
        "nixpkgs-stable": "nixpkgs-stable"
      },
      "locked": {
        "lastModified": 1728778939,
        "narHash": "sha256-WybK5E3hpGxtCYtBwpRj1E9JoiVxe+8kX83snTNaFHE=",
        "owner": "cachix",
        "repo": "git-hooks.nix",
        "rev": "ff68f91754be6f3427e4986d7949e6273659be1d",
        "type": "github"
      },
      "original": {
        "owner": "cachix",
        "repo": "git-hooks.nix",
        "type": "github"
      }
    },
    "root": {
      "inputs": {
        "aagl": "aagl",
        "catppuccin": "catppuccin",
        "home-manager": "home-manager",
        "hyprland": "hyprland",
        "hyprswitch": "hyprswitch",
        "kmscon": "kmscon",
        "libtsm": "libtsm",
        "naturaldocs": "naturaldocs",
        "nix-colors": "nix-colors",
        "nixpkgs": "nixpkgs",
        "nonfree-fonts": "nonfree-fonts",
        "nur": "nur",
        "slang-lsp": "slang-lsp",
        "stextCatppuccin": "stextCatppuccin",
        "stextLSP": "stextLSP",
        "stextNix": "stextNix",
        "stextPackageControl": "stextPackageControl",
        "stextSublimeLinter": "stextSublimeLinter",
        "stextSublimeLinterContribVerilator": "stextSublimeLinterContribVerilator",
        "stextSystemVerilog": "stextSystemVerilog",
        "systems": "systems_5",
        "ttf2psf": "ttf2psf",
        "waybar": "waybar",
        "whiskers": "whiskers"
      }
    },
    "rust-overlay": {
      "inputs": {
        "flake-utils": "flake-utils_5",
        "nixpkgs": [
          "whiskers",
          "nixpkgs"
        ]
      },
      "locked": {
        "lastModified": 1717442957,
        "narHash": "sha256-w0fqHofxM2hf3pGDXCPSdH0A09v6FgHm6I38nCWA96k=",
        "owner": "oxalica",
        "repo": "rust-overlay",
        "rev": "025e1742de4fa75b3fb63818bd9726d17da6a102",
        "type": "github"
      },
      "original": {
        "owner": "oxalica",
        "repo": "rust-overlay",
        "type": "github"
      }
    },
    "slang-lsp": {
      "inputs": {
        "flake-utils": "flake-utils_3",
        "nixpkgs": [
          "nixpkgs"
        ],
        "systems": "systems_4"
      },
      "locked": {
        "lastModified": 1728605358,
        "narHash": "sha256-pY2yaauUU+7X663rP0MJlJWKY2Ascy0Mi/70+UBFzZ8=",
        "owner": "Mop-u",
        "repo": "slang-lsp-tools-nix",
        "rev": "73ec779180b40518c26b6d64eaa9096ea6d148e3",
        "type": "github"
      },
      "original": {
        "owner": "Mop-u",
        "repo": "slang-lsp-tools-nix",
        "type": "github"
      }
    },
    "stextCatppuccin": {
      "flake": false,
      "locked": {
        "lastModified": 1728728343,
        "narHash": "sha256-3ItZFx50WljODfHEBT5Lw+n91IFS5wGlQVSWcalkvdU=",
        "owner": "catppuccin",
        "repo": "sublime-text",
        "rev": "88de6679ce970042c3beab44538a3566adef560d",
        "type": "github"
      },
      "original": {
        "owner": "catppuccin",
        "repo": "sublime-text",
        "type": "github"
      }
    },
    "stextLSP": {
      "flake": false,
      "locked": {
        "lastModified": 1729452760,
        "narHash": "sha256-Xh60e+TLL06kjjk93mrRez/8dQfN1RJReugbsmieyO8=",
        "owner": "sublimelsp",
        "repo": "LSP",
        "rev": "e29883ac7797731941bb911ef4b7ec9ca2c25642",
        "type": "github"
      },
      "original": {
        "owner": "sublimelsp",
        "repo": "LSP",
        "type": "github"
      }
    },
    "stextNix": {
      "flake": false,
      "locked": {
        "lastModified": 1544185249,
        "narHash": "sha256-ojb9xg26OL0kOZfcYXWIIS0efpHPFwlIwKklclmrUTc=",
        "owner": "wmertens",
        "repo": "sublime-nix",
        "rev": "9032bd613746b9c135223fd6f26a5fa555f18946",
        "type": "github"
      },
      "original": {
        "owner": "wmertens",
        "repo": "sublime-nix",
        "type": "github"
      }
    },
    "stextPackageControl": {
      "flake": false,
      "locked": {
        "lastModified": 1725791034,
        "narHash": "sha256-szNTeLOD1aKLXRX/00lV1z7Mj78pYPnikO8HLScuhiI=",
        "owner": "wbond",
        "repo": "package_control",
        "rev": "396488d7c4dca5ffc4829867d7a63fd6081a21da",
        "type": "github"
      },
      "original": {
        "owner": "wbond",
        "repo": "package_control",
        "type": "github"
      }
    },
    "stextSublimeLinter": {
      "flake": false,
      "locked": {
        "lastModified": 1724857301,
        "narHash": "sha256-xx0lqgDo8MWS+4dQ24O4/17kTXheo9R5uaI3U7pQ5dc=",
        "owner": "SublimeLinter",
        "repo": "SublimeLinter",
        "rev": "b71799c0b51fb0effd911794b4df1175e3a51ce3",
        "type": "github"
      },
      "original": {
        "owner": "SublimeLinter",
        "repo": "SublimeLinter",
        "type": "github"
      }
    },
    "stextSublimeLinterContribVerilator": {
      "flake": false,
      "locked": {
        "lastModified": 1719416839,
        "narHash": "sha256-KQrVw/jxdHZLoI4WQOE1IsR1/h64X1dULHYguFsZQak=",
        "owner": "Mop-u",
        "repo": "SublimeLinter-contrib-verilator",
        "rev": "d3d6e6a8996e396f3e634995ac8e87ca847d9624",
        "type": "github"
      },
      "original": {
        "owner": "Mop-u",
        "repo": "SublimeLinter-contrib-verilator",
        "type": "github"
      }
    },
    "stextSystemVerilog": {
      "flake": false,
      "locked": {
        "lastModified": 1599161250,
        "narHash": "sha256-hME4OsuBZPPtZXlj/KcW0ctyXjZW31pc6BiPFEkm24A=",
        "owner": "TheClams",
        "repo": "SystemVerilog",
        "rev": "7eca705e87f87b94478fe222fc91d54d488cc8e3",
        "type": "github"
      },
      "original": {
        "owner": "TheClams",
        "repo": "SystemVerilog",
        "type": "github"
      }
    },
    "systems": {
      "locked": {
        "lastModified": 1689347949,
        "narHash": "sha256-12tWmuL2zgBgZkdoB6qXZsgJEH9LR3oUgpaQq2RbI80=",
        "owner": "nix-systems",
        "repo": "default-linux",
        "rev": "31732fcf5e8fea42e59c2488ad31a0e651500f68",
        "type": "github"
      },
      "original": {
        "owner": "nix-systems",
        "repo": "default-linux",
        "type": "github"
      }
    },
    "systems_2": {
      "locked": {
        "lastModified": 1680978846,
        "narHash": "sha256-Gtqg8b/v49BFDpDetjclCYXm8mAnTrUzR0JnE2nv5aw=",
        "owner": "nix-systems",
        "repo": "x86_64-linux",
        "rev": "2ecfcac5e15790ba6ce360ceccddb15ad16d08a8",
        "type": "github"
      },
      "original": {
        "owner": "nix-systems",
        "repo": "x86_64-linux",
        "type": "github"
      }
    },
    "systems_3": {
      "locked": {
        "lastModified": 1681028828,
        "narHash": "sha256-Vy1rq5AaRuLzOxct8nz4T6wlgyUR7zLU309k9mBC768=",
        "owner": "nix-systems",
        "repo": "default",
        "rev": "da67096a3b9bf56a91d16901293e51ba5b49a27e",
        "type": "github"
      },
      "original": {
        "owner": "nix-systems",
        "repo": "default",
        "type": "github"
      }
    },
    "systems_4": {
      "locked": {
        "lastModified": 1680978846,
        "narHash": "sha256-Gtqg8b/v49BFDpDetjclCYXm8mAnTrUzR0JnE2nv5aw=",
        "owner": "nix-systems",
        "repo": "x86_64-linux",
        "rev": "2ecfcac5e15790ba6ce360ceccddb15ad16d08a8",
        "type": "github"
      },
      "original": {
        "owner": "nix-systems",
        "repo": "x86_64-linux",
        "type": "github"
      }
    },
    "systems_5": {
      "locked": {
        "lastModified": 1689347949,
        "narHash": "sha256-12tWmuL2zgBgZkdoB6qXZsgJEH9LR3oUgpaQq2RbI80=",
        "owner": "nix-systems",
        "repo": "default-linux",
        "rev": "31732fcf5e8fea42e59c2488ad31a0e651500f68",
        "type": "github"
      },
      "original": {
        "owner": "nix-systems",
        "repo": "default-linux",
        "type": "github"
      }
    },
    "systems_6": {
      "locked": {
        "lastModified": 1681028828,
        "narHash": "sha256-Vy1rq5AaRuLzOxct8nz4T6wlgyUR7zLU309k9mBC768=",
        "owner": "nix-systems",
        "repo": "default",
        "rev": "da67096a3b9bf56a91d16901293e51ba5b49a27e",
        "type": "github"
      },
      "original": {
        "owner": "nix-systems",
        "repo": "default",
        "type": "github"
      }
    },
    "systems_7": {
      "locked": {
        "lastModified": 1681028828,
        "narHash": "sha256-Vy1rq5AaRuLzOxct8nz4T6wlgyUR7zLU309k9mBC768=",
        "owner": "nix-systems",
        "repo": "default",
        "rev": "da67096a3b9bf56a91d16901293e51ba5b49a27e",
        "type": "github"
      },
      "original": {
        "owner": "nix-systems",
        "repo": "default",
        "type": "github"
      }
    },
    "ttf2psf": {
      "inputs": {
        "flake-utils": "flake-utils_4",
        "nixpkgs": [
          "nixpkgs"
        ],
        "ttf2psf": "ttf2psf_2"
      },
      "locked": {
        "lastModified": 1727877665,
        "narHash": "sha256-fC/IzjpC7xSecrdGtOOgaWv92iIPjZ2Z7dU8/iKtXWc=",
        "owner": "Mop-u",
        "repo": "ttf2psf-nix",
        "rev": "4d5fc306a68405e7966d7db1ca6102b5ee17c3db",
        "type": "github"
      },
      "original": {
        "owner": "Mop-u",
        "repo": "ttf2psf-nix",
        "type": "github"
      }
    },
    "ttf2psf_2": {
      "flake": false,
      "locked": {
        "lastModified": 1694994513,
        "narHash": "sha256-gUP9QYQQF+7+nWZA6qVaXzvGYTl215jkYsmLv8vxjb8=",
        "owner": "NateChoe1",
        "repo": "ttf2psf",
        "rev": "b56c764b0fb422ee3218c3f850e0b134e6fc0dce",
        "type": "github"
      },
      "original": {
        "owner": "NateChoe1",
        "repo": "ttf2psf",
        "type": "github"
      }
    },
    "waybar": {
      "inputs": {
        "flake-compat": "flake-compat_3",
        "nixpkgs": [
          "nixpkgs"
        ]
      },
      "locked": {
        "lastModified": 1729515514,
        "narHash": "sha256-rgLDuJImNQWVxCj2yR0bZ26f5be/tCT5wYZloMAgK3A=",
        "owner": "Alexays",
        "repo": "Waybar",
        "rev": "dacecb9b265c1c7c36ee43d17526fa95f4e6596f",
        "type": "github"
      },
      "original": {
        "owner": "Alexays",
        "repo": "Waybar",
        "type": "github"
      }
    },
    "whiskers": {
      "inputs": {
        "nixpkgs": [
          "nixpkgs"
        ],
        "rust-overlay": "rust-overlay"
      },
      "locked": {
        "lastModified": 1728725236,
        "narHash": "sha256-OLEXy9MCrPQu1KWICsYhe/ayVqxkYIFwyJoJhgiNDz4=",
        "owner": "catppuccin",
        "repo": "whiskers",
        "rev": "0d52962ce697b70c84ce8ffc0e5f0c873a1631d0",
        "type": "github"
      },
      "original": {
        "owner": "catppuccin",
        "repo": "whiskers",
        "type": "github"
      }
    },
    "xdph": {
      "inputs": {
        "hyprland-protocols": [
          "hyprland",
          "hyprland-protocols"
        ],
        "hyprlang": [
          "hyprland",
          "hyprlang"
        ],
        "hyprutils": [
          "hyprland",
          "hyprutils"
        ],
        "hyprwayland-scanner": [
          "hyprland",
          "hyprwayland-scanner"
        ],
        "nixpkgs": [
          "hyprland",
          "nixpkgs"
        ],
        "systems": [
          "hyprland",
          "systems"
        ]
      },
      "locked": {
        "lastModified": 1728166987,
        "narHash": "sha256-w6dVTguAn9zJ+7aPOhBQgDz8bn6YZ7b56cY8Kg5HJRI=",
        "owner": "hyprwm",
        "repo": "xdg-desktop-portal-hyprland",
        "rev": "fb9c8d665af0588bb087f97d0f673ddf0d501787",
        "type": "github"
      },
      "original": {
        "owner": "hyprwm",
        "repo": "xdg-desktop-portal-hyprland",
        "type": "github"
      }
    }
  },
  "root": "root",
  "version": 7
}
